{
  "version": "5",
  "specifiers": {
    "jsr:@hono/hono@4.13.4": "4.13.4",
    "jsr:@nats-io/jetstream@3.4.0": "3.4.0",
    "jsr:@nats-io/nats-core@3.4.0": "3.4.0",
    "jsr:@nats-io/nkeys@2.0.3": "2.0.3",
    "jsr:@nats-io/nuid@3.0.0": "3.0.0",
    "jsr:@nats-io/transport-deno@3.4.0": "3.4.0",
    "jsr:@panva/jose@6.2.10": "6.2.10",
    "jsr:@std/assert@1": "1.0.19",
    "jsr:@std/assert@1.0.19": "1.0.19",
    "jsr:@std/assert@^1.0.19": "1.0.19",
    "jsr:@std/async@^1.5.0": "1.5.0",
    "jsr:@std/bytes@^1.0.5": "1.0.6",
    "jsr:@std/data-structures@^1.1.2": "1.1.2",
    "jsr:@std/internal@^1.0.12": "1.0.14",
    "jsr:@std/io@0.225.2": "0.225.2",
    "jsr:@std/testing@1.0.20": "1.0.20",
    "npm:@bufbuild/protobuf@2": "2.14.0",
    "npm:@bufbuild/protobuf@2.14.0": "2.14.0",
    "npm:@bufbuild/protobuf@^2.9.0": "2.14.0",
    "npm:@bufbuild/protoc-gen-es@^2.9.0": "2.14.0_@bufbuild+protobuf@2.14.0",
    "npm:@jsquash/webp@1.5.0": "1.5.0",
    "npm:@opensearch-project/opensearch@2.13.0": "2.13.0",
    "npm:@react-email/components@0.5.7": "0.5.7_react@19.2.8_react-dom@19.2.7__react@19.2.8",
    "npm:@supabase/postgrest-js@1.21.4": "1.21.4",
    "npm:@types/node@^26.2.0": "26.2.0",
    "npm:blurhash@2.0.5": "2.0.5",
    "npm:croner@8.1.2": "8.1.2",
    "npm:fast-png@6.4.0": "6.4.0",
    "npm:ioredis@5.11.1": "5.11.1",
    "npm:jpeg-js@0.4.4": "0.4.4",
    "npm:libphonenumber-js@1.13.9": "1.13.9",
    "npm:lucide-react@1.24.0": "1.24.0_react@19.2.8",
    "npm:react-dom@19.2.7": "19.2.7_react@19.2.8",
    "npm:react@19.2.8": "19.2.8",
    "npm:tweetnacl@1.0.3": "1.0.3",
    "npm:typescript@6.0.3": "6.0.3"
  },
  "jsr": {
    "@hono/hono@4.13.4": {
      "integrity": "c74fdcc6f75424a78512c49098017fd3ffb104a33e45c8c49ec9b5faa56efc03"
    },
    "@nats-io/jetstream@3.4.0": {
      "integrity": "8a8f7dab0d984bf237dfd4fe853145b6b35a37814741bf57c2ddf826a678561b",
      "dependencies": [
        "jsr:@nats-io/nats-core"
      ]
    },
    "@nats-io/nats-core@3.4.0": {
      "integrity": "55aadb128a34a591a8fb251ab2f525c55e3473958e04bfd057e71bbe6f278c52",
      "dependencies": [
        "jsr:@nats-io/nkeys",
        "jsr:@nats-io/nuid"
      ]
    },
    "@nats-io/nkeys@2.0.3": {
      "integrity": "e92c96eea32b559f2e0f32555b49376942d66c07e59efff9180dbf29e516fbd8",
      "dependencies": [
        "npm:tweetnacl"
      ]
    },
    "@nats-io/nuid@3.0.0": {
      "integrity": "af637fd340e763d48845402f71ffd313808d88beb9abefbaf02037003056a07d"
    },
    "@nats-io/transport-deno@3.4.0": {
      "integrity": "13235bb178853647c01584e5b1f1e59946ffa3157cfc1c7336d70bf3db600575",
      "dependencies": [
        "jsr:@nats-io/nats-core",
        "jsr:@std/io"
      ]
    },
    "@panva/jose@6.2.10": {
      "integrity": "3380a113e59395eabc970a12826a229f4fc883c7b88c2b62e5ca5846a602fa9c"
    },
    "@std/assert@1.0.19": {
      "integrity": "eaada96ee120cb980bc47e040f82814d786fe8162ecc53c91d8df60b8755991e",
      "dependencies": [
        "jsr:@std/internal"
      ]
    },
    "@std/async@1.5.0": {
      "integrity": "4c1f22d287a17ad7d8643b1952bc5a4d21e5d8b68dc8c20d8268eecc69096e82"
    },
    "@std/bytes@1.0.6": {
      "integrity": "f6ac6adbd8ccd99314045f5703e23af0a68d7f7e58364b47d2c7f408aeb5820a"
    },
    "@std/data-structures@1.1.2": {
      "integrity": "2471377c9e0051f9ec34e57d0ebd0ad133a5a889677446ec6ba9938e4e102918"
    },
    "@std/internal@1.0.14": {
      "integrity": "291516b3d4c35024d6ffbc0a9df5bf4c64116e05b50012cf846710152d2ffdf7"
    },
    "@std/io@0.225.2": {
      "integrity": "3c740cd4ee4c082e6cfc86458f47e2ab7cb353dc6234d5e9b1f91a2de5f4d6c7",
      "dependencies": [
        "jsr:@std/bytes"
      ]
    },
    "@std/testing@1.0.20": {
      "integrity": "21380ed438672762e4ec549cbf4fe41c5b68f5598773a30b64abe7375513e721",
      "dependencies": [
        "jsr:@std/assert@^1.0.19",
        "jsr:@std/async",
        "jsr:@std/data-structures"
      ]
    }
  },
  "npm": {
    "@bufbuild/protobuf@2.14.0": {
      "integrity": "sha512-C3UGsiCwSprE2NKIIFA3hCDlpXTMCAXRZuEVp88L1GY36Y41+rYL5fryE+nOFhp4p4JPQvdV8PQ4DWgHgeTE+w=="
    },
    "@bufbuild/protoc-gen-es@2.14.0_@bufbuild+protobuf@2.14.0": {
      "integrity": "sha512-/Rrui0BJWSRONiKGYzqWq9ivGN3+cYkmc47QWITufr7K6yDb8HfssuJUSQZeptyg/rHbHrfDzCUjzoJ2pwuafg==",
      "dependencies": [
        "@bufbuild/protobuf",
        "@bufbuild/protoplugin"
      ],
      "optionalPeers": [
        "@bufbuild/protobuf"
      ],
      "bin": true
    },
    "@bufbuild/protoplugin@2.14.0": {
      "integrity": "sha512-S0TvZhVtTEkZQRj2JsXBCXiib/b0+bLQtJCcn+hj9O/usgbcgxHn4D+ii22Ao3qj0/kKxVYeo7BtAI2dMk+iig==",
      "dependencies": [
        "@bufbuild/protobuf",
        "@typescript/vfs",
        "typescript@5.4.5"
      ]
    },
    "@ioredis/commands@1.10.0": {
      "integrity": "sha512-UmeW7z4LfctwoQ5wkhVzgq8tXkreED2xZGpX+Bg+zA+WJFZCT6c062AfCK/Dfk81xZnnwdhJCUMkitihRaoC2Q=="
    },
    "@jsquash/webp@1.5.0": {
      "integrity": "sha512-KggLoj2MnRSfIqTeKe1EmbljTX2vuV7mh79k89PCL1pyqiDULcPM1L47twxXt0hkb68F70bXiL31MxsuoZtKFw==",
      "dependencies": [
        "wasm-feature-detect"
      ]
    },
    "@opensearch-project/opensearch@2.13.0": {
      "integrity": "sha512-Bu3jJ7pKzumbMMeefu7/npAWAvFu5W9SlbBow1ulhluqUpqc7QoXe0KidDrMy7Dy3BQrkI6llR3cWL4lQTZOFw==",
      "dependencies": [
        "aws4",
        "debug",
        "hpagent",
        "json11",
        "ms",
        "secure-json-parse"
      ]
    },
    "@react-email/body@0.1.0_react@19.2.8": {
      "integrity": "sha512-o1bcSAmDYNNHECbkeyceCVPGmVsYvT+O3sSO/Ct7apKUu3JphTi31hu+0Nwqr/pgV5QFqdoT5vdS3SW5DJFHgQ==",
      "dependencies": [
        "react"
      ],
      "deprecated": true
    },
    "@react-email/button@0.2.0_react@19.2.8": {
      "integrity": "sha512-8i+v6cMxr2emz4ihCrRiYJPp2/sdYsNNsBzXStlcA+/B9Umpm5Jj3WJKYpgTPM+aeyiqlG/MMI1AucnBm4f1oQ==",
      "dependencies": [
        "react"
      ],
      "deprecated": true
    },
    "@react-email/code-block@0.1.0_react@19.2.8": {
      "integrity": "sha512-jSpHFsgqnQXxDIssE4gvmdtFncaFQz5D6e22BnVjcCPk/udK+0A9jRwGFEG8JD2si9ZXBmU4WsuqQEczuZn4ww==",
      "dependencies": [
        "prismjs",
        "react"
      ],
      "deprecated": true
    },
    "@react-email/code-inline@0.0.5_react@19.2.8": {
      "integrity": "sha512-MmAsOzdJpzsnY2cZoPHFPk6uDO/Ncpb4Kh1hAt9UZc1xOW3fIzpe1Pi9y9p6wwUmpaeeDalJxAxH6/fnTquinA==",
      "dependencies": [
        "react"
      ],
      "deprecated": true
    },
    "@react-email/column@0.0.13_react@19.2.8": {
      "integrity": "sha512-Lqq17l7ShzJG/d3b1w/+lVO+gp2FM05ZUo/nW0rjxB8xBICXOVv6PqjDnn3FXKssvhO5qAV20lHM6S+spRhEwQ==",
      "dependencies": [
        "react"
      ],
      "deprecated": true
    },
    "@react-email/components@0.5.7_react@19.2.8_react-dom@19.2.7__react@19.2.8": {
      "integrity": "sha512-ECyVoyDcev2FSQ7C0buXaIJ0+6MRDXNUbCOZwBRrlLdCCRjap2b4+MHrYSTXFzo5kqfjjRoyo/2PbJXFQni67g==",
      "dependencies": [
        "@react-email/body",
        "@react-email/button",
        "@react-email/code-block",
        "@react-email/code-inline",
        "@react-email/column",
        "@react-email/container",
        "@react-email/font",
        "@react-email/head",
        "@react-email/heading",
        "@react-email/hr",
        "@react-email/html",
        "@react-email/img",
        "@react-email/link",
        "@react-email/markdown",
        "@react-email/preview",
        "@react-email/render",
        "@react-email/row",
        "@react-email/section",
        "@react-email/tailwind",
        "@react-email/text",
        "react"
      ],
      "deprecated": true
    },
    "@react-email/container@0.0.15_react@19.2.8": {
      "integrity": "sha512-Qo2IQo0ru2kZq47REmHW3iXjAQaKu4tpeq/M8m1zHIVwKduL2vYOBQWbC2oDnMtWPmkBjej6XxgtZByxM6cCFg==",
      "dependencies": [
        "react"
      ],
      "deprecated": true
    },
    "@react-email/font@0.0.9_react@19.2.8": {
      "integrity": "sha512-4zjq23oT9APXkerqeslPH3OZWuh5X4crHK6nx82mVHV2SrLba8+8dPEnWbaACWTNjOCbcLIzaC9unk7Wq2MIXw==",
      "dependencies": [
        "react"
      ],
      "deprecated": true
    },
    "@react-email/head@0.0.12_react@19.2.8": {
      "integrity": "sha512-X2Ii6dDFMF+D4niNwMAHbTkeCjlYYnMsd7edXOsi0JByxt9wNyZ9EnhFiBoQdqkE+SMDcu8TlNNttMrf5sJeMA==",
      "dependencies": [
        "react"
      ],
      "deprecated": true
    },
    "@react-email/heading@0.0.15_react@19.2.8": {
      "integrity": "sha512-xF2GqsvBrp/HbRHWEfOgSfRFX+Q8I5KBEIG5+Lv3Vb2R/NYr0s8A5JhHHGf2pWBMJdbP4B2WHgj/VUrhy8dkIg==",
      "dependencies": [
        "react"
      ],
      "deprecated": true
    },
    "@react-email/hr@0.0.11_react@19.2.8": {
      "integrity": "sha512-S1gZHVhwOsd1Iad5IFhpfICwNPMGPJidG/Uysy1AwmspyoAP5a4Iw3OWEpINFdgh9MHladbxcLKO2AJO+cA9Lw==",
      "dependencies": [
        "react"
      ],
      "deprecated": true
    },
    "@react-email/html@0.0.11_react@19.2.8": {
      "integrity": "sha512-qJhbOQy5VW5qzU74AimjAR9FRFQfrMa7dn4gkEXKMB/S9xZN8e1yC1uA9C15jkXI/PzmJ0muDIWmFwatm5/+VA==",
      "dependencies": [
        "react"
      ],
      "deprecated": true
    },
    "@react-email/img@0.0.11_react@19.2.8": {
      "integrity": "sha512-aGc8Y6U5C3igoMaqAJKsCpkbm1XjguQ09Acd+YcTKwjnC2+0w3yGUJkjWB2vTx4tN8dCqQCXO8FmdJpMfOA9EQ==",
      "dependencies": [
        "react"
      ],
      "deprecated": true
    },
    "@react-email/link@0.0.12_react@19.2.8": {
      "integrity": "sha512-vF+xxQk2fGS1CN7UPQDbzvcBGfffr+GjTPNiWM38fhBfsLv6A/YUfaqxWlmL7zLzVmo0K2cvvV9wxlSyNba1aQ==",
      "dependencies": [
        "react"
      ],
      "deprecated": true
    },
    "@react-email/markdown@0.0.16_react@19.2.8": {
      "integrity": "sha512-KSUHmoBMYhvc6iGwlIDkm0DRGbGQ824iNjLMCJsBVUoKHGQYs7F/N3b1tnS1YzRUX+GwHIexSsHuIUEi1m+8OQ==",
      "dependencies": [
        "marked",
        "react"
      ],
      "deprecated": true
    },
    "@react-email/preview@0.0.13_react@19.2.8": {
      "integrity": "sha512-F7j9FJ0JN/A4d7yr+aw28p4uX7VLWs7hTHtLo7WRyw4G+Lit6Zucq4UWKRxJC8lpsUdzVmG7aBJnKOT+urqs/w==",
      "dependencies": [
        "react"
      ],
      "deprecated": true
    },
    "@react-email/render@1.4.0_react@19.2.8_react-dom@19.2.7__react@19.2.8": {
      "integrity": "sha512-ZtJ3noggIvW1ZAryoui95KJENKdCzLmN5F7hyZY1F/17B1vwzuxHB7YkuCg0QqHjDivc5axqYEYdIOw4JIQdUw==",
      "dependencies": [
        "html-to-text",
        "prettier",
        "react",
        "react-dom",
        "react-promise-suspense"
      ]
    },
    "@react-email/row@0.0.12_react@19.2.8": {
      "integrity": "sha512-HkCdnEjvK3o+n0y0tZKXYhIXUNPDx+2vq1dJTmqappVHXS5tXS6W5JOPZr5j+eoZ8gY3PShI2LWj5rWF7ZEtIQ==",
      "dependencies": [
        "react"
      ],
      "deprecated": true
    },
    "@react-email/section@0.0.16_react@19.2.8": {
      "integrity": "sha512-FjqF9xQ8FoeUZYKSdt8sMIKvoT9XF8BrzhT3xiFKdEMwYNbsDflcjfErJe3jb7Wj/es/lKTbV5QR1dnLzGpL3w==",
      "dependencies": [
        "react"
      ],
      "deprecated": true
    },
    "@react-email/tailwind@1.2.2_react@19.2.8": {
      "integrity": "sha512-heO9Khaqxm6Ulm6p7HQ9h01oiiLRrZuuEQuYds/O7Iyp3c58sMVHZGIxiRXO/kSs857NZQycpjewEVKF3jhNTw==",
      "dependencies": [
        "react"
      ],
      "deprecated": true
    },
    "@react-email/text@0.1.5_react@19.2.8": {
      "integrity": "sha512-o5PNHFSE085VMXayxH+SJ1LSOtGsTv+RpNKnTiJDrJUwoBu77G3PlKOsZZQHCNyD28WsQpl9v2WcJLbQudqwPg==",
      "dependencies": [
        "react"
      ],
      "deprecated": true
    },
    "@selderee/plugin-htmlparser2@0.11.0": {
      "integrity": "sha512-P33hHGdldxGabLFjPPpaTxVolMrzrcegejx+0GxjrIb9Zv48D8yAIA/QTDR2dFl7Uz7urX8aX6+5bCZslr+gWQ==",
      "dependencies": [
        "domhandler",
        "selderee"
      ]
    },
    "@supabase/node-fetch@2.6.15": {
      "integrity": "sha512-1ibVeYUacxWYi9i0cf5efil6adJ9WRyZBLivgjs+AUpewx1F3xPi7gLgaASI2SmIQxPoCEjAsLAzKPgMJVgOUQ==",
      "dependencies": [
        "whatwg-url"
      ]
    },
    "@supabase/postgrest-js@1.21.4": {
      "integrity": "sha512-TxZCIjxk6/dP9abAi89VQbWWMBbybpGWyvmIzTd79OeravM13OjR/YEYeyUOPcM1C3QyvXkvPZhUfItvmhY1IQ==",
      "dependencies": [
        "@supabase/node-fetch"
      ]
    },
    "@types/node@26.2.0": {
      "integrity": "sha512-5IviulTZeRNp2vAJ514cc/HUlY5nZ9fCbq9DMyC52BrhFZACo3nI0R7qBxhQmo/d27NFe96ur/b7Wwxklda+kg==",
      "dependencies": [
        "undici-types"
      ]
    },
    "@types/pako@2.0.4": {
      "integrity": "sha512-VWDCbrLeVXJM9fihYodcLiIv0ku+AlOa/TQ1SvYOaBuyrSKgEcro95LJyIsJ4vSo6BXIxOKxiJAat04CmST9Fw=="
    },
    "@typescript/vfs@1.6.4_typescript@5.4.5": {
      "integrity": "sha512-PJFXFS4ZJKiJ9Qiuix6Dz/OwEIqHD7Dme1UwZhTK11vR+5dqW2ACbdndWQexBzCx+CPuMe5WBYQWCsFyGlQLlQ==",
      "dependencies": [
        "debug",
        "typescript@5.4.5"
      ]
    },
    "aws4@1.13.2": {
      "integrity": "sha512-lHe62zvbTB5eEABUVi/AwVh0ZKY9rMMDhmm+eeyuuUQbQ3+J+fONVQOZyj+DdrvD4BY33uYniyRJ4UJIaSKAfw=="
    },
    "blurhash@2.0.5": {
      "integrity": "sha512-cRygWd7kGBQO3VEhPiTgq4Wc43ctsM+o46urrmPOiuAe+07fzlSB9OJVdpgDL0jPqXUVQ9ht7aq7kxOeJHRK+w=="
    },
    "cluster-key-slot@1.1.1": {
      "integrity": "sha512-rwHwUfXL40Chm1r08yrhU3qpUvdVlgkKNeyeGPOxnW8/SyVDvgRaed/Uz54AqWNaTCAThlj6QAs3TZcKI0xDEw=="
    },
    "croner@8.1.2": {
      "integrity": "sha512-ypfPFcAXHuAZRCzo3vJL6ltENzniTjwe/qsLleH1V2/7SRDjgvRQyrLmumFTLmjFax4IuSxfGXEn79fozXcJog=="
    },
    "debug@4.4.3": {
      "integrity": "sha512-RGwwWnwQvkVfavKVt22FGLw+xYSdzARwm0ru6DhTVA3umU5hZc28V3kO4stgYryrTlLpuvgI9GiijltAjNbcqA==",
      "dependencies": [
        "ms"
      ]
    },
    "deepmerge@4.3.1": {
      "integrity": "sha512-3sUqbMEc77XqpdNO7FRyRog+eW3ph+GYCbj+rK+uYyRMuwsVy0rMiVtPn+QJlKFvWP/1PYpapqYn0Me2knFn+A=="
    },
    "denque@2.1.0": {
      "integrity": "sha512-HVQE3AAb/pxF8fQAoiqpvg9i3evqug3hoiwakOyZAwJm+6vZehbkYXZ0l4JxS+I3QxM97v5aaRNhj8v5oBhekw=="
    },
    "dom-serializer@2.0.0": {
      "integrity": "sha512-wIkAryiqt/nV5EQKqQpo3SToSOV9J0DnbJqwK7Wv/Trc92zIAYZ4FlMu+JPFW1DfGFt81ZTCGgDEabffXeLyJg==",
      "dependencies": [
        "domelementtype",
        "domhandler",
        "entities"
      ]
    },
    "domelementtype@2.3.0": {
      "integrity": "sha512-OLETBj6w0OsagBwdXnPdN0cnMfF9opN69co+7ZrbfPGrdpPVNBUj02spi6B1N7wChLQiPn4CSH/zJvXw56gmHw=="
    },
    "domhandler@5.0.3": {
      "integrity": "sha512-cgwlv/1iFQiFnU96XXgROh8xTeetsnJiDsTc7TYCLFd9+/WNkIqPTxiM/8pSd8VIrhXGTf1Ny1q1hquVqDJB5w==",
      "dependencies": [
        "domelementtype"
      ]
    },
    "domutils@3.2.2": {
      "integrity": "sha512-6kZKyUajlDuqlHKVX1w7gyslj9MPIXzIFiz/rGu35uC1wMi+kMhQwGhl4lt9unC9Vb9INnY9Z3/ZA3+FhASLaw==",
      "dependencies": [
        "dom-serializer",
        "domelementtype",
        "domhandler"
      ]
    },
    "entities@4.5.0": {
      "integrity": "sha512-V0hjH4dGPh9Ao5p0MoRY6BVqtwCjhz6vI5LT8AJ55H+4g9/4vbHx1I54fS0XuclLhDHArPQCiMjDxjaL8fPxhw=="
    },
    "fast-deep-equal@2.0.1": {
      "integrity": "sha512-bCK/2Z4zLidyB4ReuIsvALH6w31YfAQDmXMqMx6FyfHqvBxtjC0eRumeSu4Bs3XtXwpyIywtSTrVT99BxY1f9w=="
    },
    "fast-png@6.4.0": {
      "integrity": "sha512-kAqZq1TlgBjZcLr5mcN6NP5Rv4V2f22z00c3g8vRrwkcqjerx7BEhPbOnWCPqaHUl2XWQBJQvOT/FQhdMT7X/Q==",
      "dependencies": [
        "@types/pako",
        "iobuffer",
        "pako"
      ]
    },
    "hpagent@1.2.0": {
      "integrity": "sha512-A91dYTeIB6NoXG+PxTQpCCDDnfHsW9kc06Lvpu1TEe9gnd6ZFeiBoRO9JvzEv6xK7EX97/dUE8g/vBMTqTS3CA=="
    },
    "html-to-text@9.0.5": {
      "integrity": "sha512-qY60FjREgVZL03vJU6IfMV4GDjGBIoOyvuFdpBDIX9yTlDw0TjxVBQp+P8NvpdIXNJvfWBTNul7fsAQJq2FNpg==",
      "dependencies": [
        "@selderee/plugin-htmlparser2",
        "deepmerge",
        "dom-serializer",
        "htmlparser2",
        "selderee"
      ]
    },
    "htmlparser2@8.0.2": {
      "integrity": "sha512-GYdjWKDkbRLkZ5geuHs5NY1puJ+PXwP7+fHPRz06Eirsb9ugf6d8kkXav6ADhcODhFFPMIXyxkxSuMf3D6NCFA==",
      "dependencies": [
        "domelementtype",
        "domhandler",
        "domutils",
        "entities"
      ]
    },
    "iobuffer@5.4.0": {
      "integrity": "sha512-DRebOWuqDvxunfkNJAlc3IzWIPD5xVxwUNbHr7xKB8E6aLJxIPfNX3CoMJghcFjpv6RWQsrcJbghtEwSPoJqMA=="
    },
    "ioredis@5.11.1": {
      "integrity": "sha512-ehuGcf94bQXhfagULNXrJdfnWO38v070jxSx/qE87Kjzmu2fU7ro5EFAb+OPituLqgfyuQaym5DlrNydW2sJ9A==",
      "dependencies": [
        "@ioredis/commands",
        "cluster-key-slot",
        "debug",
        "denque",
        "redis-errors",
        "redis-parser",
        "standard-as-callback"
      ]
    },
    "jpeg-js@0.4.4": {
      "integrity": "sha512-WZzeDOEtTOBK4Mdsar0IqEU5sMr3vSV2RqkAIzUEV2BHnUfKGyswWFPFwK5EeDo93K3FohSHbLAjj0s1Wzd+dg=="
    },
    "json11@2.0.2": {
      "integrity": "sha512-HIrd50UPYmP6sqLuLbFVm75g16o0oZrVfxrsY0EEys22klz8mRoWlX9KAEDOSOR9Q34rcxsyC8oDveGrCz5uLQ==",
      "bin": true
    },
    "leac@0.6.0": {
      "integrity": "sha512-y+SqErxb8h7nE/fiEX07jsbuhrpO9lL8eca7/Y1nuWV2moNlXhyd59iDGcRf6moVyDMbmTNzL40SUyrFU/yDpg=="
    },
    "libphonenumber-js@1.13.9": {
      "integrity": "sha512-VNS5vWMM7r0P66BYv+TQJATxExEgLxN+34hfHDVhDkUsGAE4cRg0shCNSLTXNKm7nIUscC7AfB51TjxEeF7msQ=="
    },
    "lucide-react@1.24.0_react@19.2.8": {
      "integrity": "sha512-YT6mBD8lGKkg4nM39enlm94/sfJIiW0YKUT60fBy4YK8tai31ylg1VhGNWxkpSKHo9UagfnZqwIff3HTDQwXeA==",
      "dependencies": [
        "react"
      ]
    },
    "marked@15.0.12": {
      "integrity": "sha512-8dD6FusOQSrpv9Z1rdNMdlSgQOIP880DHqnohobOmYLElGEqAL/JvxvuxZO16r4HtjTlfPRDC1hbvxC9dPN2nA==",
      "bin": true
    },
    "ms@2.1.3": {
      "integrity": "sha512-6FlzubTLZG3J2a/NVCAleEhjzq5oxgHyaCU9yYXvcLsvoVaHJq/s5xXI6/XXP6tz7R9xAOtHnSO/tXtF3WRTlA=="
    },
    "pako@2.2.0": {
      "integrity": "sha512-zJq6RP/5q+TO2OpFV3FHzlPnFjmkb7Nc99a5SNjJE+uu/PkpChs+NIZSSzbBoD+6kjiISXjfYdwj1ZRQ81dz/w=="
    },
    "parseley@0.12.1": {
      "integrity": "sha512-e6qHKe3a9HWr0oMRVDTRhKce+bRO8VGQR3NyVwcjwrbhMmFCX9KszEV35+rn4AdilFAq9VPxP/Fe1wC9Qjd2lw==",
      "dependencies": [
        "leac",
        "peberminta"
      ]
    },
    "peberminta@0.9.0": {
      "integrity": "sha512-XIxfHpEuSJbITd1H3EeQwpcZbTLHc+VVr8ANI9t5sit565tsI4/xK3KWTUFE2e6QiangUkh3B0jihzmGnNrRsQ=="
    },
    "prettier@3.9.5": {
      "integrity": "sha512-/FVl766LpUfB5vXgCYOYa0MeV/441Ia99AeICQIQFTY/Nw0roZwULcXpku5i1/m5kt/baz+s4Zogspd839HSMg==",
      "bin": true
    },
    "prismjs@1.30.0": {
      "integrity": "sha512-DEvV2ZF2r2/63V+tK8hQvrR2ZGn10srHbXviTlcv7Kpzw8jWiNTqbVgjO3IY8RxrrOUF8VPMQQFysYYYv0YZxw=="
    },
    "react-dom@19.2.7_react@19.2.8": {
      "integrity": "sha512-t0BRVXvbiE/o20Hfw669rLbMCDWtYZLvmJigy2f0MxsXF+71pxhR3xOkspmsO8h3ZlNzyibAmtCa3l4lYKk6gQ==",
      "dependencies": [
        "react",
        "scheduler"
      ]
    },
    "react-promise-suspense@0.3.4": {
      "integrity": "sha512-I42jl7L3Ze6kZaq+7zXWSunBa3b1on5yfvUW6Eo/3fFOj6dZ5Bqmcd264nJbTK/gn1HjjILAjSwnZbV4RpSaNQ==",
      "dependencies": [
        "fast-deep-equal"
      ]
    },
    "react@19.2.8": {
      "integrity": "sha512-PWaYA1L/q9u2u7xYQi+Y3L3Yfnie7XyLeaJICV1MGD6LprsBxcAqGjYyr0eY3p+QdsA+x/Irkt4Qif8D63+Sbw=="
    },
    "redis-errors@1.2.0": {
      "integrity": "sha512-1qny3OExCf0UvUV/5wpYKf2YwPcOqXzkwKKSmKHiE6ZMQs5heeE/c8eXK+PNllPvmjgAbfnsbpkGZWy8cBpn9w=="
    },
    "redis-parser@3.0.0": {
      "integrity": "sha512-DJnGAeenTdpMEH6uAJRK/uiyEIH9WVsUmoLwzudwGJUwZPp80PDBWPHXSAGNPwNvIXAbe7MSUB1zQFugFml66A==",
      "dependencies": [
        "redis-errors"
      ]
    },
    "scheduler@0.27.0": {
      "integrity": "sha512-eNv+WrVbKu1f3vbYJT/xtiF5syA5HPIMtf9IgY/nKg0sWqzAUEvqY/xm7OcZc/qafLx/iO9FgOmeSAp4v5ti/Q=="
    },
    "secure-json-parse@2.7.0": {
      "integrity": "sha512-6aU+Rwsezw7VR8/nyvKTx8QpWH9FrcYiXXlqC4z5d5XQBDRqtbfsRjnwGyqbi3gddNtWHuEk9OANUotL26qKUw=="
    },
    "selderee@0.11.0": {
      "integrity": "sha512-5TF+l7p4+OsnP8BCCvSyZiSPc4x4//p5uPwK8TCnVPJYRmU2aYKMpOXvw8zM5a5JvuuCGN1jmsMwuU2W02ukfA==",
      "dependencies": [
        "parseley"
      ]
    },
    "standard-as-callback@2.1.0": {
      "integrity": "sha512-qoRRSyROncaz1z0mvYqIE4lCd9p2R90i6GxW3uZv5ucSu8tU7B5HXUP1gG8pVZsYNVaXjk8ClXHPttLyxAL48A=="
    },
    "tr46@0.0.3": {
      "integrity": "sha512-N3WMsuqV66lT30CrXNbEjx4GEwlow3v6rr4mCcv6prnfwhS01rkgyFdjPNBYd9br7LpXV1+Emh01fHnq2Gdgrw=="
    },
    "tweetnacl@1.0.3": {
      "integrity": "sha512-6rt+RN7aOi1nGMyC4Xa5DdYiukl2UWCbcJft7YhxReBGQD7OAM8Pbxw6YMo4r2diNEA8FEmu32YOn9rhaiE5yw=="
    },
    "typescript@5.4.5": {
      "integrity": "sha512-vcI4UpRgg81oIRUFwR0WSIHKt11nJ7SAVlYNIu+QpqeyXP+gpQJy/Z4+F0aGxSE4MqwjyXvW/TzgkLAx2AGHwQ==",
      "bin": true
    },
    "typescript@6.0.3": {
      "integrity": "sha512-y2TvuxSZPDyQakkFRPZHKFm+KKVqIisdg9/CZwm9ftvKXLP8NRWj38/ODjNbr43SsoXqNuAisEf1GdCxqWcdBw==",
      "bin": true
    },
    "undici-types@8.3.0": {
      "integrity": "sha512-j375ScV60dom+YkPFIfTLcOiPxkN/buHz5GobjLhixFuANaNs3C9l4GmrWqejgXWJ7BbJcFYpTEUkS1Ge8bpZQ=="
    },
    "wasm-feature-detect@1.9.0": {
      "integrity": "sha512-zonE+xlIIYtxPy++L24ow0hAD8CICb4+FgPyROd3buyXIqsJvUEDkBgfCCoXOd1Hu3DUr0GOfnPIdcGV+YpNaA=="
    },
    "webidl-conversions@3.0.1": {
      "integrity": "sha512-2JAn3z8AR6rjK8Sm8orRC0h/bcl/DqL7tRPdGZ4I1CjdF+EaMLmYxBHyXuKL849eucPFhvBoxMsflfOb8kxaeQ=="
    },
    "whatwg-url@5.0.0": {
      "integrity": "sha512-saE57nupxk6v3HY35+jzBwYa0rKSy0XR8JSxZPwgLr7ys0IBzhGviA1/TUGJLmSVqs8pb9AnvICXEuOHLprYTw==",
      "dependencies": [
        "tr46",
        "webidl-conversions"
      ]
    }
  },
  "workspace": {
    "dependencies": [
      "jsr:@hono/hono@4.13.4",
      "jsr:@nats-io/jetstream@3.4.0",
      "jsr:@nats-io/transport-deno@3.4.0",
      "jsr:@panva/jose@6.2.10",
      "jsr:@std/assert@1.0.19",
      "jsr:@std/testing@1.0.20",
      "npm:@bufbuild/protobuf@2.14.0",
      "npm:@jsquash/webp@1.5.0",
      "npm:@opensearch-project/opensearch@2.13.0",
      "npm:@react-email/components@0.5.7",
      "npm:@supabase/postgrest-js@1.21.4",
      "npm:@types/react@19",
      "npm:blurhash@2.0.5",
      "npm:croner@8.1.2",
      "npm:fast-png@6.4.0",
      "npm:ioredis@5.11.1",
      "npm:jpeg-js@0.4.4",
      "npm:libphonenumber-js@1.13.9",
      "npm:lucide-react@1.24.0",
      "npm:react-dom@19.2.7",
      "npm:react@19.2.8",
      "npm:typescript@6.0.3"
    ],
    "members": {
      "sdk/js": {
        "dependencies": [
          "jsr:@std/assert@1",
          "npm:@bufbuild/protobuf@2"
        ],
        "packageJson": {
          "dependencies": [
            "npm:@bufbuild/protobuf@^2.9.0",
            "npm:@bufbuild/protoc-gen-es@^2.9.0",
            "npm:@types/node@^26.2.0"
          ]
        }
      }
    }
  }
}
