{
  "version": "5",
  "specifiers": {
    "jsr:@hono/hono@4.13.4": "4.13.4",
    "jsr:@nats-io/jetstream@3.4.0": "3.4.0",
    "jsr:@nats-io/nats-core@3.4.0": "3.4.0",
    "jsr:@nats-io/nkeys@2.0.3": "2.0.3",
    "jsr:@nats-io/nuid@3.0.0": "3.0.0",
    "jsr:@nats-io/transport-deno@3.4.0": "3.4.0",
    "jsr:@panva/jose@6.2.10": "6.2.10",
    "jsr:@std/assert@1.0.19": "1.0.19",
    "jsr:@std/assert@^1.0.19": "1.0.19",
    "jsr:@std/async@^1.5.0": "1.5.0",
    "jsr:@std/bytes@^1.0.5": "1.0.6",
    "jsr:@std/data-structures@^1.1.2": "1.1.2",
    "jsr:@std/internal@^1.0.12": "1.0.14",
    "jsr:@std/io@0.225.2": "0.225.2",
    "jsr:@std/testing@1.0.20": "1.0.20",
    "npm:@bufbuild/protobuf@2.14.0": "2.14.0",
    "npm:@jsquash/webp@1.5.0": "1.5.0",
    "npm:@opensearch-project/opensearch@2.13.0": "2.13.0",
    "npm:@supabase/postgrest-js@1.21.4": "1.21.4",
    "npm:blurhash@2.0.5": "2.0.5",
    "npm:croner@8.1.2": "8.1.2",
    "npm:fast-png@6.4.0": "6.4.0",
    "npm:ioredis@5.11.1": "5.11.1",
    "npm:jpeg-js@0.4.4": "0.4.4",
    "npm:libphonenumber-js@1.13.9": "1.13.9",
    "npm:tweetnacl@1.0.3": "1.0.3",
    "npm:typescript@6.0.3": "6.0.3"
  },
  "jsr": {
    "@hono/hono@4.13.4": {
      "integrity": "c74fdcc6f75424a78512c49098017fd3ffb104a33e45c8c49ec9b5faa56efc03"
    },
    "@nats-io/jetstream@3.4.0": {
      "integrity": "8a8f7dab0d984bf237dfd4fe853145b6b35a37814741bf57c2ddf826a678561b",
      "dependencies": [
        "jsr:@nats-io/nats-core"
      ]
    },
    "@nats-io/nats-core@3.4.0": {
      "integrity": "55aadb128a34a591a8fb251ab2f525c55e3473958e04bfd057e71bbe6f278c52",
      "dependencies": [
        "jsr:@nats-io/nkeys",
        "jsr:@nats-io/nuid"
      ]
    },
    "@nats-io/nkeys@2.0.3": {
      "integrity": "e92c96eea32b559f2e0f32555b49376942d66c07e59efff9180dbf29e516fbd8",
      "dependencies": [
        "npm:tweetnacl"
      ]
    },
    "@nats-io/nuid@3.0.0": {
      "integrity": "af637fd340e763d48845402f71ffd313808d88beb9abefbaf02037003056a07d"
    },
    "@nats-io/transport-deno@3.4.0": {
      "integrity": "13235bb178853647c01584e5b1f1e59946ffa3157cfc1c7336d70bf3db600575",
      "dependencies": [
        "jsr:@nats-io/nats-core",
        "jsr:@std/io"
      ]
    },
    "@panva/jose@6.2.10": {
      "integrity": "3380a113e59395eabc970a12826a229f4fc883c7b88c2b62e5ca5846a602fa9c"
    },
    "@std/assert@1.0.19": {
      "integrity": "eaada96ee120cb980bc47e040f82814d786fe8162ecc53c91d8df60b8755991e",
      "dependencies": [
        "jsr:@std/internal"
      ]
    },
    "@std/async@1.5.0": {
      "integrity": "4c1f22d287a17ad7d8643b1952bc5a4d21e5d8b68dc8c20d8268eecc69096e82"
    },
    "@std/bytes@1.0.6": {
      "integrity": "f6ac6adbd8ccd99314045f5703e23af0a68d7f7e58364b47d2c7f408aeb5820a"
    },
    "@std/data-structures@1.1.2": {
      "integrity": "2471377c9e0051f9ec34e57d0ebd0ad133a5a889677446ec6ba9938e4e102918"
    },
    "@std/internal@1.0.14": {
      "integrity": "291516b3d4c35024d6ffbc0a9df5bf4c64116e05b50012cf846710152d2ffdf7"
    },
    "@std/io@0.225.2": {
      "integrity": "3c740cd4ee4c082e6cfc86458f47e2ab7cb353dc6234d5e9b1f91a2de5f4d6c7",
      "dependencies": [
        "jsr:@std/bytes"
      ]
    },
    "@std/testing@1.0.20": {
      "integrity": "21380ed438672762e4ec549cbf4fe41c5b68f5598773a30b64abe7375513e721",
      "dependencies": [
        "jsr:@std/assert@^1.0.19",
        "jsr:@std/async",
        "jsr:@std/data-structures"
      ]
    }
  },
  "npm": {
    "@bufbuild/protobuf@2.14.0": {
      "integrity": "sha512-C3UGsiCwSprE2NKIIFA3hCDlpXTMCAXRZuEVp88L1GY36Y41+rYL5fryE+nOFhp4p4JPQvdV8PQ4DWgHgeTE+w=="
    },
    "@ioredis/commands@1.10.0": {
      "integrity": "sha512-UmeW7z4LfctwoQ5wkhVzgq8tXkreED2xZGpX+Bg+zA+WJFZCT6c062AfCK/Dfk81xZnnwdhJCUMkitihRaoC2Q=="
    },
    "@jsquash/webp@1.5.0": {
      "integrity": "sha512-KggLoj2MnRSfIqTeKe1EmbljTX2vuV7mh79k89PCL1pyqiDULcPM1L47twxXt0hkb68F70bXiL31MxsuoZtKFw==",
      "dependencies": [
        "wasm-feature-detect"
      ]
    },
    "@opensearch-project/opensearch@2.13.0": {
      "integrity": "sha512-Bu3jJ7pKzumbMMeefu7/npAWAvFu5W9SlbBow1ulhluqUpqc7QoXe0KidDrMy7Dy3BQrkI6llR3cWL4lQTZOFw==",
      "dependencies": [
        "aws4",
        "debug",
        "hpagent",
        "json11",
        "ms",
        "secure-json-parse"
      ]
    },
    "@supabase/node-fetch@2.6.15": {
      "integrity": "sha512-1ibVeYUacxWYi9i0cf5efil6adJ9WRyZBLivgjs+AUpewx1F3xPi7gLgaASI2SmIQxPoCEjAsLAzKPgMJVgOUQ==",
      "dependencies": [
        "whatwg-url"
      ]
    },
    "@supabase/postgrest-js@1.21.4": {
      "integrity": "sha512-TxZCIjxk6/dP9abAi89VQbWWMBbybpGWyvmIzTd79OeravM13OjR/YEYeyUOPcM1C3QyvXkvPZhUfItvmhY1IQ==",
      "dependencies": [
        "@supabase/node-fetch"
      ]
    },
    "@types/pako@2.0.4": {
      "integrity": "sha512-VWDCbrLeVXJM9fihYodcLiIv0ku+AlOa/TQ1SvYOaBuyrSKgEcro95LJyIsJ4vSo6BXIxOKxiJAat04CmST9Fw=="
    },
    "aws4@1.13.2": {
      "integrity": "sha512-lHe62zvbTB5eEABUVi/AwVh0ZKY9rMMDhmm+eeyuuUQbQ3+J+fONVQOZyj+DdrvD4BY33uYniyRJ4UJIaSKAfw=="
    },
    "blurhash@2.0.5": {
      "integrity": "sha512-cRygWd7kGBQO3VEhPiTgq4Wc43ctsM+o46urrmPOiuAe+07fzlSB9OJVdpgDL0jPqXUVQ9ht7aq7kxOeJHRK+w=="
    },
    "cluster-key-slot@1.1.1": {
      "integrity": "sha512-rwHwUfXL40Chm1r08yrhU3qpUvdVlgkKNeyeGPOxnW8/SyVDvgRaed/Uz54AqWNaTCAThlj6QAs3TZcKI0xDEw=="
    },
    "croner@8.1.2": {
      "integrity": "sha512-ypfPFcAXHuAZRCzo3vJL6ltENzniTjwe/qsLleH1V2/7SRDjgvRQyrLmumFTLmjFax4IuSxfGXEn79fozXcJog=="
    },
    "debug@4.4.3": {
      "integrity": "sha512-RGwwWnwQvkVfavKVt22FGLw+xYSdzARwm0ru6DhTVA3umU5hZc28V3kO4stgYryrTlLpuvgI9GiijltAjNbcqA==",
      "dependencies": [
        "ms"
      ]
    },
    "denque@2.1.0": {
      "integrity": "sha512-HVQE3AAb/pxF8fQAoiqpvg9i3evqug3hoiwakOyZAwJm+6vZehbkYXZ0l4JxS+I3QxM97v5aaRNhj8v5oBhekw=="
    },
    "fast-png@6.4.0": {
      "integrity": "sha512-kAqZq1TlgBjZcLr5mcN6NP5Rv4V2f22z00c3g8vRrwkcqjerx7BEhPbOnWCPqaHUl2XWQBJQvOT/FQhdMT7X/Q==",
      "dependencies": [
        "@types/pako",
        "iobuffer",
        "pako"
      ]
    },
    "hpagent@1.2.0": {
      "integrity": "sha512-A91dYTeIB6NoXG+PxTQpCCDDnfHsW9kc06Lvpu1TEe9gnd6ZFeiBoRO9JvzEv6xK7EX97/dUE8g/vBMTqTS3CA=="
    },
    "iobuffer@5.4.0": {
      "integrity": "sha512-DRebOWuqDvxunfkNJAlc3IzWIPD5xVxwUNbHr7xKB8E6aLJxIPfNX3CoMJghcFjpv6RWQsrcJbghtEwSPoJqMA=="
    },
    "ioredis@5.11.1": {
      "integrity": "sha512-ehuGcf94bQXhfagULNXrJdfnWO38v070jxSx/qE87Kjzmu2fU7ro5EFAb+OPituLqgfyuQaym5DlrNydW2sJ9A==",
      "dependencies": [
        "@ioredis/commands",
        "cluster-key-slot",
        "debug",
        "denque",
        "redis-errors",
        "redis-parser",
        "standard-as-callback"
      ]
    },
    "jpeg-js@0.4.4": {
      "integrity": "sha512-WZzeDOEtTOBK4Mdsar0IqEU5sMr3vSV2RqkAIzUEV2BHnUfKGyswWFPFwK5EeDo93K3FohSHbLAjj0s1Wzd+dg=="
    },
    "json11@2.0.2": {
      "integrity": "sha512-HIrd50UPYmP6sqLuLbFVm75g16o0oZrVfxrsY0EEys22klz8mRoWlX9KAEDOSOR9Q34rcxsyC8oDveGrCz5uLQ==",
      "bin": true
    },
    "libphonenumber-js@1.13.9": {
      "integrity": "sha512-VNS5vWMM7r0P66BYv+TQJATxExEgLxN+34hfHDVhDkUsGAE4cRg0shCNSLTXNKm7nIUscC7AfB51TjxEeF7msQ=="
    },
    "ms@2.1.3": {
      "integrity": "sha512-6FlzubTLZG3J2a/NVCAleEhjzq5oxgHyaCU9yYXvcLsvoVaHJq/s5xXI6/XXP6tz7R9xAOtHnSO/tXtF3WRTlA=="
    },
    "pako@2.2.0": {
      "integrity": "sha512-zJq6RP/5q+TO2OpFV3FHzlPnFjmkb7Nc99a5SNjJE+uu/PkpChs+NIZSSzbBoD+6kjiISXjfYdwj1ZRQ81dz/w=="
    },
    "redis-errors@1.2.0": {
      "integrity": "sha512-1qny3OExCf0UvUV/5wpYKf2YwPcOqXzkwKKSmKHiE6ZMQs5heeE/c8eXK+PNllPvmjgAbfnsbpkGZWy8cBpn9w=="
    },
    "redis-parser@3.0.0": {
      "integrity": "sha512-DJnGAeenTdpMEH6uAJRK/uiyEIH9WVsUmoLwzudwGJUwZPp80PDBWPHXSAGNPwNvIXAbe7MSUB1zQFugFml66A==",
      "dependencies": [
        "redis-errors"
      ]
    },
    "secure-json-parse@2.7.0": {
      "integrity": "sha512-6aU+Rwsezw7VR8/nyvKTx8QpWH9FrcYiXXlqC4z5d5XQBDRqtbfsRjnwGyqbi3gddNtWHuEk9OANUotL26qKUw=="
    },
    "standard-as-callback@2.1.0": {
      "integrity": "sha512-qoRRSyROncaz1z0mvYqIE4lCd9p2R90i6GxW3uZv5ucSu8tU7B5HXUP1gG8pVZsYNVaXjk8ClXHPttLyxAL48A=="
    },
    "tr46@0.0.3": {
      "integrity": "sha512-N3WMsuqV66lT30CrXNbEjx4GEwlow3v6rr4mCcv6prnfwhS01rkgyFdjPNBYd9br7LpXV1+Emh01fHnq2Gdgrw=="
    },
    "tweetnacl@1.0.3": {
      "integrity": "sha512-6rt+RN7aOi1nGMyC4Xa5DdYiukl2UWCbcJft7YhxReBGQD7OAM8Pbxw6YMo4r2diNEA8FEmu32YOn9rhaiE5yw=="
    },
    "typescript@6.0.3": {
      "integrity": "sha512-y2TvuxSZPDyQakkFRPZHKFm+KKVqIisdg9/CZwm9ftvKXLP8NRWj38/ODjNbr43SsoXqNuAisEf1GdCxqWcdBw==",
      "bin": true
    },
    "wasm-feature-detect@1.9.0": {
      "integrity": "sha512-zonE+xlIIYtxPy++L24ow0hAD8CICb4+FgPyROd3buyXIqsJvUEDkBgfCCoXOd1Hu3DUr0GOfnPIdcGV+YpNaA=="
    },
    "webidl-conversions@3.0.1": {
      "integrity": "sha512-2JAn3z8AR6rjK8Sm8orRC0h/bcl/DqL7tRPdGZ4I1CjdF+EaMLmYxBHyXuKL849eucPFhvBoxMsflfOb8kxaeQ=="
    },
    "whatwg-url@5.0.0": {
      "integrity": "sha512-saE57nupxk6v3HY35+jzBwYa0rKSy0XR8JSxZPwgLr7ys0IBzhGviA1/TUGJLmSVqs8pb9AnvICXEuOHLprYTw==",
      "dependencies": [
        "tr46",
        "webidl-conversions"
      ]
    }
  },
  "workspace": {
    "dependencies": [
      "jsr:@hono/hono@4.13.4",
      "jsr:@nats-io/jetstream@3.4.0",
      "jsr:@nats-io/transport-deno@3.4.0",
      "jsr:@panva/jose@6.2.10",
      "jsr:@std/assert@1.0.19",
      "jsr:@std/testing@1.0.20",
      "npm:@bufbuild/protobuf@2.14.0",
      "npm:@jsquash/webp@1.5.0",
      "npm:@opensearch-project/opensearch@2.13.0",
      "npm:@supabase/postgrest-js@1.21.4",
      "npm:blurhash@2.0.5",
      "npm:croner@8.1.2",
      "npm:fast-png@6.4.0",
      "npm:ioredis@5.11.1",
      "npm:jpeg-js@0.4.4",
      "npm:libphonenumber-js@1.13.9",
      "npm:typescript@6.0.3"
    ]
  }
}
